dependencies:
- name: mongodb
  repository: https://charts.bitnami.com/bitnami
  version: 14.1.0
- name: redis
  repository: https://charts.bitnami.com/bitnami
  version: 18.2.0
digest: sha256:e6e39a00d9f9e1ae327b6739c91847fa3308e3e9e1c85ea92a67d09ce47bc891
generated: "2023-11-03T10:34:03.024607-07:00"
